// !$*UTF8*$!
{
	archiveVersion = 1;
	classes = {
	};
	objectVersion = 48;
	objects = {

/* Begin PBXBuildFile section */
		9B219974204949EB00059056 /* AppDelegate.swift in Sources */ = {isa = PBXBuildFile; fileRef = 9B219973204949EB00059056 /* AppDelegate.swift */; };
		9B219976204949EB00059056 /* ViewController.swift in Sources */ = {isa = PBXBuildFile; fileRef = 9B219975204949EB00059056 /* ViewController.swift */; };
		9B219979204949EC00059056 /* Main.storyboard in Resources */ = {isa = PBXBuildFile; fileRef = 9B219977204949EC00059056 /* Main.storyboard */; };
		9B21997B204949EC00059056 /* Assets.xcassets in Resources */ = {isa = PBXBuildFile; fileRef = 9B21997A204949EC00059056 /* Assets.xcassets */; };
		9B21997E204949EC00059056 /* LaunchScreen.storyboard in Resources */ = {isa = PBXBuildFile; fileRef = 9B21997C204949EC00059056 /* LaunchScreen.storyboard */; };
		9B219989204949EC00059056 /* day9Tests.swift in Sources */ = {isa = PBXBuildFile; fileRef = 9B219988204949EC00059056 /* day9Tests.swift */; };
		9B219994204949EC00059056 /* day9UITests.swift in Sources */ = {isa = PBXBuildFile; fileRef = 9B219993204949EC00059056 /* day9UITests.swift */; };
		9B219A0020494A5E00059056 /* Alchemist.jpeg in Resources */ = {isa = PBXBuildFile; fileRef = 9B2199ED20494A5C00059056 /* Alchemist.jpeg */; };
		9B219A0120494A5E00059056 /* Toronto.mp4 in Resources */ = {isa = PBXBuildFile; fileRef = 9B2199EE20494A5C00059056 /* Toronto.mp4 */; };
		9B219A0220494A5E00059056 /* Jury.jpeg in Resources */ = {isa = PBXBuildFile; fileRef = 9B2199EF20494A5C00059056 /* Jury.jpeg */; };
		9B219A0320494A5E00059056 /* BreakingDawn.jpeg in Resources */ = {isa = PBXBuildFile; fileRef = 9B2199F020494A5C00059056 /* BreakingDawn.jpeg */; };
		9B219A0420494A5E00059056 /* LastLeaf.jpeg in Resources */ = {isa = PBXBuildFile; fileRef = 9B2199F120494A5C00059056 /* LastLeaf.jpeg */; };
		9B219A0520494A5E00059056 /* Message.png in Resources */ = {isa = PBXBuildFile; fileRef = 9B2199F220494A5C00059056 /* Message.png */; };
		9B219A0620494A5E00059056 /* RedQueen.jpeg in Resources */ = {isa = PBXBuildFile; fileRef = 9B2199F320494A5D00059056 /* RedQueen.jpeg */; };
		9B219A0720494A5E00059056 /* Video.png in Resources */ = {isa = PBXBuildFile; fileRef = 9B2199F420494A5D00059056 /* Video.png */; };
		9B219A0820494A5E00059056 /* AnHour.jpeg in Resources */ = {isa = PBXBuildFile; fileRef = 9B2199F520494A5D00059056 /* AnHour.jpeg */; };
		9B219A0920494A5E00059056 /* happy.jpeg in Resources */ = {isa = PBXBuildFile; fileRef = 9B2199F620494A5D00059056 /* happy.jpeg */; };
		9B219A0A20494A5E00059056 /* Books.png in Resources */ = {isa = PBXBuildFile; fileRef = 9B2199F720494A5D00059056 /* Books.png */; };
		9B219A0B20494A5E00059056 /* Milk.jpeg in Resources */ = {isa = PBXBuildFile; fileRef = 9B2199F820494A5D00059056 /* Milk.jpeg */; };
		9B219A0C20494A5E00059056 /* Whatsapp.png in Resources */ = {isa = PBXBuildFile; fileRef = 9B2199F920494A5D00059056 /* Whatsapp.png */; };
		9B219A0D20494A5E00059056 /* WiseOtherwise.jpeg in Resources */ = {isa = PBXBuildFile; fileRef = 9B2199FA20494A5D00059056 /* WiseOtherwise.jpeg */; };
		9B219A0E20494A5E00059056 /* Sky.jpeg in Resources */ = {isa = PBXBuildFile; fileRef = 9B2199FB20494A5D00059056 /* Sky.jpeg */; };
		9B219A0F20494A5E00059056 /* Email.png in Resources */ = {isa = PBXBuildFile; fileRef = 9B2199FC20494A5D00059056 /* Email.png */; };
		9B219A1020494A5E00059056 /* TheNecklace.jpeg in Resources */ = {isa = PBXBuildFile; fileRef = 9B2199FD20494A5D00059056 /* TheNecklace.jpeg */; };
		9B219A1120494A5E00059056 /* Mountain.jpeg in Resources */ = {isa = PBXBuildFile; fileRef = 9B2199FE20494A5D00059056 /* Mountain.jpeg */; };
		9B219A1220494A5E00059056 /* Call.png in Resources */ = {isa = PBXBuildFile; fileRef = 9B2199FF20494A5D00059056 /* Call.png */; };
		9B219A1420494B1600059056 /* VideoVC.swift in Sources */ = {isa = PBXBuildFile; fileRef = 9B219A1320494B1600059056 /* VideoVC.swift */; };
		9B219A1620494C7400059056 /* BookCVC.swift in Sources */ = {isa = PBXBuildFile; fileRef = 9B219A1520494C7400059056 /* BookCVC.swift */; };
		9B219A1C20494D7600059056 /* BooksCell.swift in Sources */ = {isa = PBXBuildFile; fileRef = 9B219A1B20494D7600059056 /* BooksCell.swift */; };
/* End PBXBuildFile section */

/* Begin PBXContainerItemProxy section */
		9B219985204949EC00059056 /* PBXContainerItemProxy */ = {
			isa = PBXContainerItemProxy;
			containerPortal = 9B219968204949EB00059056 /* Project object */;
			proxyType = 1;
			remoteGlobalIDString = 9B21996F204949EB00059056;
			remoteInfo = day9;
		};
		9B219990204949EC00059056 /* PBXContainerItemProxy */ = {
			isa = PBXContainerItemProxy;
			containerPortal = 9B219968204949EB00059056 /* Project object */;
			proxyType = 1;
			remoteGlobalIDString = 9B21996F204949EB00059056;
			remoteInfo = day9;
		};
/* End PBXContainerItemProxy section */

/* Begin PBXFileReference section */
		9B219970204949EB00059056 /* day9.app */ = {isa = PBXFileReference; explicitFileType = wrapper.application; includeInIndex = 0; path = day9.app; sourceTree = BUILT_PRODUCTS_DIR; };
		9B219973204949EB00059056 /* AppDelegate.swift */ = {isa = PBXFileReference; lastKnownFileType = sourcecode.swift; path = AppDelegate.swift; sourceTree = "<group>"; };
		9B219975204949EB00059056 /* ViewController.swift */ = {isa = PBXFileReference; lastKnownFileType = sourcecode.swift; path = ViewController.swift; sourceTree = "<group>"; };
		9B219978204949EC00059056 /* Base */ = {isa = PBXFileReference; lastKnownFileType = file.storyboard; name = Base; path = Base.lproj/Main.storyboard; sourceTree = "<group>"; };
		9B21997A204949EC00059056 /* Assets.xcassets */ = {isa = PBXFileReference; lastKnownFileType = folder.assetcatalog; path = Assets.xcassets; sourceTree = "<group>"; };
		9B21997D204949EC00059056 /* Base */ = {isa = PBXFileReference; lastKnownFileType = file.storyboard; name = Base; path = Base.lproj/LaunchScreen.storyboard; sourceTree = "<group>"; };
		9B21997F204949EC00059056 /* Info.plist */ = {isa = PBXFileReference; lastKnownFileType = text.plist.xml; path = Info.plist; sourceTree = "<group>"; };
		9B219984204949EC00059056 /* day9Tests.xctest */ = {isa = PBXFileReference; explicitFileType = wrapper.cfbundle; includeInIndex = 0; path = day9Tests.xctest; sourceTree = BUILT_PRODUCTS_DIR; };
		9B219988204949EC00059056 /* day9Tests.swift */ = {isa = PBXFileReference; lastKnownFileType = sourcecode.swift; path = day9Tests.swift; sourceTree = "<group>"; };
		9B21998A204949EC00059056 /* Info.plist */ = {isa = PBXFileReference; lastKnownFileType = text.plist.xml; path = Info.plist; sourceTree = "<group>"; };
		9B21998F204949EC00059056 /* day9UITests.xctest */ = {isa = PBXFileReference; explicitFileType = wrapper.cfbundle; includeInIndex = 0; path = day9UITests.xctest; sourceTree = BUILT_PRODUCTS_DIR; };
		9B219993204949EC00059056 /* day9UITests.swift */ = {isa = PBXFileReference; lastKnownFileType = sourcecode.swift; path = day9UITests.swift; sourceTree = "<group>"; };
		9B219995204949EC00059056 /* Info.plist */ = {isa = PBXFileReference; lastKnownFileType = text.plist.xml; path = Info.plist; sourceTree = "<group>"; };
		9B2199ED20494A5C00059056 /* Alchemist.jpeg */ = {isa = PBXFileReference; lastKnownFileType = image.jpeg; name = Alchemist.jpeg; path = ../../../Downloads/Images/Alchemist.jpeg; sourceTree = "<group>"; };
		9B2199EE20494A5C00059056 /* Toronto.mp4 */ = {isa = PBXFileReference; lastKnownFileType = file; name = Toronto.mp4; path = ../../../Downloads/Images/Toronto.mp4; sourceTree = "<group>"; };
		9B2199EF20494A5C00059056 /* Jury.jpeg */ = {isa = PBXFileReference; lastKnownFileType = image.jpeg; name = Jury.jpeg; path = ../../../Downloads/Images/Jury.jpeg; sourceTree = "<group>"; };
		9B2199F020494A5C00059056 /* BreakingDawn.jpeg */ = {isa = PBXFileReference; lastKnownFileType = image.jpeg; name = BreakingDawn.jpeg; path = ../../../Downloads/Images/BreakingDawn.jpeg; sourceTree = "<group>"; };
		9B2199F120494A5C00059056 /* LastLeaf.jpeg */ = {isa = PBXFileReference; lastKnownFileType = image.jpeg; name = LastLeaf.jpeg; path = ../../../Downloads/Images/LastLeaf.jpeg; sourceTree = "<group>"; };
		9B2199F220494A5C00059056 /* Message.png */ = {isa = PBXFileReference; lastKnownFileType = image.png; name = Message.png; path = ../../../Downloads/Images/Message.png; sourceTree = "<group>"; };
		9B2199F320494A5D00059056 /* RedQueen.jpeg */ = {isa = PBXFileReference; lastKnownFileType = image.jpeg; name = RedQueen.jpeg; path = ../../../Downloads/Images/RedQueen.jpeg; sourceTree = "<group>"; };
		9B2199F420494A5D00059056 /* Video.png */ = {isa = PBXFileReference; lastKnownFileType = image.png; name = Video.png; path = ../../../Downloads/Images/Video.png; sourceTree = "<group>"; };
		9B2199F520494A5D00059056 /* AnHour.jpeg */ = {isa = PBXFileReference; lastKnownFileType = image.jpeg; name = AnHour.jpeg; path = ../../../Downloads/Images/AnHour.jpeg; sourceTree = "<group>"; };
		9B2199F620494A5D00059056 /* happy.jpeg */ = {isa = PBXFileReference; lastKnownFileType = image.jpeg; name = happy.jpeg; path = ../../../Downloads/Images/happy.jpeg; sourceTree = "<group>"; };
		9B2199F720494A5D00059056 /* Books.png */ = {isa = PBXFileReference; lastKnownFileType = image.png; name = Books.png; path = ../../../Downloads/Images/Books.png; sourceTree = "<group>"; };
		9B2199F820494A5D00059056 /* Milk.jpeg */ = {isa = PBXFileReference; lastKnownFileType = image.jpeg; name = Milk.jpeg; path = ../../../Downloads/Images/Milk.jpeg; sourceTree = "<group>"; };
		9B2199F920494A5D00059056 /* Whatsapp.png */ = {isa = PBXFileReference; lastKnownFileType = image.png; name = Whatsapp.png; path = ../../../Downloads/Images/Whatsapp.png; sourceTree = "<group>"; };
		9B2199FA20494A5D00059056 /* WiseOtherwise.jpeg */ = {isa = PBXFileReference; lastKnownFileType = image.jpeg; name = WiseOtherwise.jpeg; path = ../../../Downloads/Images/WiseOtherwise.jpeg; sourceTree = "<group>"; };
		9B2199FB20494A5D00059056 /* Sky.jpeg */ = {isa = PBXFileReference; lastKnownFileType = image.jpeg; name = Sky.jpeg; path = ../../../Downloads/Images/Sky.jpeg; sourceTree = "<group>"; };
		9B2199FC20494A5D00059056 /* Email.png */ = {isa = PBXFileReference; lastKnownFileType = image.png; name = Email.png; path = ../../../Downloads/Images/Email.png; sourceTree = "<group>"; };
		9B2199FD20494A5D00059056 /* TheNecklace.jpeg */ = {isa = PBXFileReference; lastKnownFileType = image.jpeg; name = TheNecklace.jpeg; path = ../../../Downloads/Images/TheNecklace.jpeg; sourceTree = "<group>"; };
		9B2199FE20494A5D00059056 /* Mountain.jpeg */ = {isa = PBXFileReference; lastKnownFileType = image.jpeg; name = Mountain.jpeg; path = ../../../Downloads/Images/Mountain.jpeg; sourceTree = "<group>"; };
		9B2199FF20494A5D00059056 /* Call.png */ = {isa = PBXFileReference; lastKnownFileType = image.png; name = Call.png; path = ../../../Downloads/Images/Call.png; sourceTree = "<group>"; };
		9B219A1320494B1600059056 /* VideoVC.swift */ = {isa = PBXFileReference; lastKnownFileType = sourcecode.swift; path = VideoVC.swift; sourceTree = "<group>"; };
		9B219A1520494C7400059056 /* BookCVC.swift */ = {isa = PBXFileReference; lastKnownFileType = sourcecode.swift; path = BookCVC.swift; sourceTree = "<group>"; };
		9B219A1B20494D7600059056 /* BooksCell.swift */ = {isa = PBXFileReference; lastKnownFileType = sourcecode.swift; path = BooksCell.swift; sourceTree = "<group>"; };
/* End PBXFileReference section */

/* Begin PBXFrameworksBuildPhase section */
		9B21996D204949EB00059056 /* Frameworks */ = {
			isa = PBXFrameworksBuildPhase;
			buildActionMask = 2147483647;
			files = (
			);
			runOnlyForDeploymentPostprocessing = 0;
		};
		9B219981204949EC00059056 /* Frameworks */ = {
			isa = PBXFrameworksBuildPhase;
			buildActionMask = 2147483647;
			files = (
			);
			runOnlyForDeploymentPostprocessing = 0;
		};
		9B21998C204949EC00059056 /* Frameworks */ = {
			isa = PBXFrameworksBuildPhase;
			buildActionMask = 2147483647;
			files = (
			);
			runOnlyForDeploymentPostprocessing = 0;
		};
/* End PBXFrameworksBuildPhase section */

/* Begin PBXGroup section */
		9B219967204949EB00059056 = {
			isa = PBXGroup;
			children = (
				9B219972204949EB00059056 /* day9 */,
				9B219987204949EC00059056 /* day9Tests */,
				9B219992204949EC00059056 /* day9UITests */,
				9B219971204949EB00059056 /* Products */,
			);
			sourceTree = "<group>";
		};
		9B219971204949EB00059056 /* Products */ = {
			isa = PBXGroup;
			children = (
				9B219970204949EB00059056 /* day9.app */,
				9B219984204949EC00059056 /* day9Tests.xctest */,
				9B21998F204949EC00059056 /* day9UITests.xctest */,
			);
			name = Products;
			sourceTree = "<group>";
		};
		9B219972204949EB00059056 /* day9 */ = {
			isa = PBXGroup;
			children = (
				9B2199ED20494A5C00059056 /* Alchemist.jpeg */,
				9B2199F520494A5D00059056 /* AnHour.jpeg */,
				9B2199F720494A5D00059056 /* Books.png */,
				9B2199F020494A5C00059056 /* BreakingDawn.jpeg */,
				9B2199FF20494A5D00059056 /* Call.png */,
				9B2199FC20494A5D00059056 /* Email.png */,
				9B2199F620494A5D00059056 /* happy.jpeg */,
				9B2199EF20494A5C00059056 /* Jury.jpeg */,
				9B2199F120494A5C00059056 /* LastLeaf.jpeg */,
				9B2199F220494A5C00059056 /* Message.png */,
				9B2199F820494A5D00059056 /* Milk.jpeg */,
				9B2199FE20494A5D00059056 /* Mountain.jpeg */,
				9B2199F320494A5D00059056 /* RedQueen.jpeg */,
				9B2199FB20494A5D00059056 /* Sky.jpeg */,
				9B2199FD20494A5D00059056 /* TheNecklace.jpeg */,
				9B2199EE20494A5C00059056 /* Toronto.mp4 */,
				9B2199F420494A5D00059056 /* Video.png */,
				9B2199F920494A5D00059056 /* Whatsapp.png */,
				9B2199FA20494A5D00059056 /* WiseOtherwise.jpeg */,
				9B219973204949EB00059056 /* AppDelegate.swift */,
				9B219975204949EB00059056 /* ViewController.swift */,
				9B219977204949EC00059056 /* Main.storyboard */,
				9B21997A204949EC00059056 /* Assets.xcassets */,
				9B21997C204949EC00059056 /* LaunchScreen.storyboard */,
				9B21997F204949EC00059056 /* Info.plist */,
				9B219A1320494B1600059056 /* VideoVC.swift */,
				9B219A1520494C7400059056 /* BookCVC.swift */,
				9B219A1B20494D7600059056 /* BooksCell.swift */,
			);
			path = day9;
			sourceTree = "<group>";
		};
		9B219987204949EC00059056 /* day9Tests */ = {
			isa = PBXGroup;
			children = (
				9B219988204949EC00059056 /* day9Tests.swift */,
				9B21998A204949EC00059056 /* Info.plist */,
			);
			path = day9Tests;
			sourceTree = "<group>";
		};
		9B219992204949EC00059056 /* day9UITests */ = {
			isa = PBXGroup;
			children = (
				9B219993204949EC00059056 /* day9UITests.swift */,
				9B219995204949EC00059056 /* Info.plist */,
			);
			path = day9UITests;
			sourceTree = "<group>";
		};
/* End PBXGroup section */

/* Begin PBXNativeTarget section */
		9B21996F204949EB00059056 /* day9 */ = {
			isa = PBXNativeTarget;
			buildConfigurationList = 9B219998204949EC00059056 /* Build configuration list for PBXNativeTarget "day9" */;
			buildPhases = (
				9B21996C204949EB00059056 /* Sources */,
				9B21996D204949EB00059056 /* Frameworks */,
				9B21996E204949EB00059056 /* Resources */,
			);
			buildRules = (
			);
			dependencies = (
			);
			name = day9;
			productName = day9;
			productReference = 9B219970204949EB00059056 /* day9.app */;
			productType = "com.apple.product-type.application";
		};
		9B219983204949EC00059056 /* day9Tests */ = {
			isa = PBXNativeTarget;
			buildConfigurationList = 9B21999B204949EC00059056 /* Build configuration list for PBXNativeTarget "day9Tests" */;
			buildPhases = (
				9B219980204949EC00059056 /* Sources */,
				9B219981204949EC00059056 /* Frameworks */,
				9B219982204949EC00059056 /* Resources */,
			);
			buildRules = (
			);
			dependencies = (
				9B219986204949EC00059056 /* PBXTargetDependency */,
			);
			name = day9Tests;
			productName = day9Tests;
			productReference = 9B219984204949EC00059056 /* day9Tests.xctest */;
			productType = "com.apple.product-type.bundle.unit-test";
		};
		9B21998E204949EC00059056 /* day9UITests */ = {
			isa = PBXNativeTarget;
			buildConfigurationList = 9B21999E204949EC00059056 /* Build configuration list for PBXNativeTarget "day9UITests" */;
			buildPhases = (
				9B21998B204949EC00059056 /* Sources */,
				9B21998C204949EC00059056 /* Frameworks */,
				9B21998D204949EC00059056 /* Resources */,
			);
			buildRules = (
			);
			dependencies = (
				9B219991204949EC00059056 /* PBXTargetDependency */,
			);
			name = day9UITests;
			productName = day9UITests;
			productReference = 9B21998F204949EC00059056 /* day9UITests.xctest */;
			productType = "com.apple.product-type.bundle.ui-testing";
		};
/* End PBXNativeTarget section */

/* Begin PBXProject section */
		9B219968204949EB00059056 /* Project object */ = {
			isa = PBXProject;
			attributes = {
				LastSwiftUpdateCheck = 0920;
				LastUpgradeCheck = 0920;
				ORGANIZATIONNAME = MacStudent;
				TargetAttributes = {
					9B21996F204949EB00059056 = {
						CreatedOnToolsVersion = 9.2;
						ProvisioningStyle = Automatic;
					};
					9B219983204949EC00059056 = {
						CreatedOnToolsVersion = 9.2;
						ProvisioningStyle = Automatic;
						TestTargetID = 9B21996F204949EB00059056;
					};
					9B21998E204949EC00059056 = {
						CreatedOnToolsVersion = 9.2;
						ProvisioningStyle = Automatic;
						TestTargetID = 9B21996F204949EB00059056;
					};
				};
			};
			buildConfigurationList = 9B21996B204949EB00059056 /* Build configuration list for PBXProject "day9" */;
			compatibilityVersion = "Xcode 8.0";
			developmentRegion = en;
			hasScannedForEncodings = 0;
			knownRegions = (
				en,
				Base,
			);
			mainGroup = 9B219967204949EB00059056;
			productRefGroup = 9B219971204949EB00059056 /* Products */;
			projectDirPath = "";
			projectRoot = "";
			targets = (
				9B21996F204949EB00059056 /* day9 */,
				9B219983204949EC00059056 /* day9Tests */,
				9B21998E204949EC00059056 /* day9UITests */,
			);
		};
/* End PBXProject section */

/* Begin PBXResourcesBuildPhase section */
		9B21996E204949EB00059056 /* Resources */ = {
			isa = PBXResourcesBuildPhase;
			buildActionMask = 2147483647;
			files = (
				9B219A0A20494A5E00059056 /* Books.png in Resources */,
				9B219A1220494A5E00059056 /* Call.png in Resources */,
				9B219A0820494A5E00059056 /* AnHour.jpeg in Resources */,
				9B219A0020494A5E00059056 /* Alchemist.jpeg in Resources */,
				9B219A0320494A5E00059056 /* BreakingDawn.jpeg in Resources */,
				9B219A0220494A5E00059056 /* Jury.jpeg in Resources */,
				9B219A0120494A5E00059056 /* Toronto.mp4 in Resources */,
				9B21997E204949EC00059056 /* LaunchScreen.storyboard in Resources */,
				9B219A0C20494A5E00059056 /* Whatsapp.png in Resources */,
				9B219A0920494A5E00059056 /* happy.jpeg in Resources */,
				9B219A0420494A5E00059056 /* LastLeaf.jpeg in Resources */,
				9B219A0B20494A5E00059056 /* Milk.jpeg in Resources */,
				9B21997B204949EC00059056 /* Assets.xcassets in Resources */,
				9B219A0F20494A5E00059056 /* Email.png in Resources */,
				9B219979204949EC00059056 /* Main.storyboard in Resources */,
				9B219A0620494A5E00059056 /* RedQueen.jpeg in Resources */,
				9B219A0D20494A5E00059056 /* WiseOtherwise.jpeg in Resources */,
				9B219A0E20494A5E00059056 /* Sky.jpeg in Resources */,
				9B219A0720494A5E00059056 /* Video.png in Resources */,
				9B219A1120494A5E00059056 /* Mountain.jpeg in Resources */,
				9B219A0520494A5E00059056 /* Message.png in Resources */,
				9B219A1020494A5E00059056 /* TheNecklace.jpeg in Resources */,
			);
			runOnlyForDeploymentPostprocessing = 0;
		};
		9B219982204949EC00059056 /* Resources */ = {
			isa = PBXResourcesBuildPhase;
			buildActionMask = 2147483647;
			files = (
			);
			runOnlyForDeploymentPostprocessing = 0;
		};
		9B21998D204949EC00059056 /* Resources */ = {
			isa = PBXResourcesBuildPhase;
			buildActionMask = 2147483647;
			files = (
			);
			runOnlyForDeploymentPostprocessing = 0;
		};
/* End PBXResourcesBuildPhase section */

/* Begin PBXSourcesBuildPhase section */
		9B21996C204949EB00059056 /* Sources */ = {
			isa = PBXSourcesBuildPhase;
			buildActionMask = 2147483647;
			files = (
				9B219A1C20494D7600059056 /* BooksCell.swift in Sources */,
				9B219A1420494B1600059056 /* VideoVC.swift in Sources */,
				9B219976204949EB00059056 /* ViewController.swift in Sources */,
				9B219974204949EB00059056 /* AppDelegate.swift in Sources */,
				9B219A1620494C7400059056 /* BookCVC.swift in Sources */,
			);
			runOnlyForDeploymentPostprocessing = 0;
		};
		9B219980204949EC00059056 /* Sources */ = {
			isa = PBXSourcesBuildPhase;
			buildActionMask = 2147483647;
			files = (
				9B219989204949EC00059056 /* day9Tests.swift in Sources */,
			);
			runOnlyForDeploymentPostprocessing = 0;
		};
		9B21998B204949EC00059056 /* Sources */ = {
			isa = PBXSourcesBuildPhase;
			buildActionMask = 2147483647;
			files = (
				9B219994204949EC00059056 /* day9UITests.swift in Sources */,
			);
			runOnlyForDeploymentPostprocessing = 0;
		};
/* End PBXSourcesBuildPhase section */

/* Begin PBXTargetDependency section */
		9B219986204949EC00059056 /* PBXTargetDependency */ = {
			isa = PBXTargetDependency;
			target = 9B21996F204949EB00059056 /* day9 */;
			targetProxy = 9B219985204949EC00059056 /* PBXContainerItemProxy */;
		};
		9B219991204949EC00059056 /* PBXTargetDependency */ = {
			isa = PBXTargetDependency;
			target = 9B21996F204949EB00059056 /* day9 */;
			targetProxy = 9B219990204949EC00059056 /* PBXContainerItemProxy */;
		};
/* End PBXTargetDependency section */

/* Begin PBXVariantGroup section */
		9B219977204949EC00059056 /* Main.storyboard */ = {
			isa = PBXVariantGroup;
			children = (
				9B219978204949EC00059056 /* Base */,
			);
			name = Main.storyboard;
			sourceTree = "<group>";
		};
		9B21997C204949EC00059056 /* LaunchScreen.storyboard */ = {
			isa = PBXVariantGroup;
			children = (
				9B21997D204949EC00059056 /* Base */,
			);
			name = LaunchScreen.storyboard;
			sourceTree = "<group>";
		};
/* End PBXVariantGroup section */

/* Begin XCBuildConfiguration section */
		9B219996204949EC00059056 /* Debug */ = {
			isa = XCBuildConfiguration;
			buildSettings = {
				ALWAYS_SEARCH_USER_PATHS = NO;
				CLANG_ANALYZER_NONNULL = YES;
				CLANG_ANALYZER_NUMBER_OBJECT_CONVERSION = YES_AGGRESSIVE;
				CLANG_CXX_LANGUAGE_STANDARD = "gnu++14";
				CLANG_CXX_LIBRARY = "libc++";
				CLANG_ENABLE_MODULES = YES;
				CLANG_ENABLE_OBJC_ARC = YES;
				CLANG_WARN_BLOCK_CAPTURE_AUTORELEASING = YES;
				CLANG_WARN_BOOL_CONVERSION = YES;
				CLANG_WARN_COMMA = YES;
				CLANG_WARN_CONSTANT_CONVERSION = YES;
				CLANG_WARN_DIRECT_OBJC_ISA_USAGE = YES_ERROR;
				CLANG_WARN_DOCUMENTATION_COMMENTS = YES;
				CLANG_WARN_EMPTY_BODY = YES;
				CLANG_WARN_ENUM_CONVERSION = YES;
				CLANG_WARN_INFINITE_RECURSION = YES;
				CLANG_WARN_INT_CONVERSION = YES;
				CLANG_WARN_NON_LITERAL_NULL_CONVERSION = YES;
				CLANG_WARN_OBJC_LITERAL_CONVERSION = YES;
				CLANG_WARN_OBJC_ROOT_CLASS = YES_ERROR;
				CLANG_WARN_RANGE_LOOP_ANALYSIS = YES;
				CLANG_WARN_STRICT_PROTOTYPES = YES;
				CLANG_WARN_SUSPICIOUS_MOVE = YES;
				CLANG_WARN_UNGUARDED_AVAILABILITY = YES_AGGRESSIVE;
				CLANG_WARN_UNREACHABLE_CODE = YES;
				CLANG_WARN__DUPLICATE_METHOD_MATCH = YES;
				CODE_SIGN_IDENTITY = "iPhone Developer";
				COPY_PHASE_STRIP = NO;
				DEBUG_INFORMATION_FORMAT = dwarf;
				ENABLE_STRICT_OBJC_MSGSEND = YES;
				ENABLE_TESTABILITY = YES;
				GCC_C_LANGUAGE_STANDARD = gnu11;
				GCC_DYNAMIC_NO_PIC = NO;
				GCC_NO_COMMON_BLOCKS = YES;
				GCC_OPTIMIZATION_LEVEL = 0;
				GCC_PREPROCESSOR_DEFINITIONS = (
					"DEBUG=1",
					"$(inherited)",
				);
				GCC_WARN_64_TO_32_BIT_CONVERSION = YES;
				GCC_WARN_ABOUT_RETURN_TYPE = YES_ERROR;
				GCC_WARN_UNDECLARED_SELECTOR = YES;
				GCC_WARN_UNINITIALIZED_AUTOS = YES_AGGRESSIVE;
				GCC_WARN_UNUSED_FUNCTION = YES;
				GCC_WARN_UNUSED_VARIABLE = YES;
				IPHONEOS_DEPLOYMENT_TARGET = 11.2;
				MTL_ENABLE_DEBUG_INFO = YES;
				ONLY_ACTIVE_ARCH = YES;
				SDKROOT = iphoneos;
				SWIFT_ACTIVE_COMPILATION_CONDITIONS = DEBUG;
				SWIFT_OPTIMIZATION_LEVEL = "-Onone";
			};
			name = Debug;
		};
		9B219997204949EC00059056 /* Release */ = {
			isa = XCBuildConfiguration;
			buildSettings = {
				ALWAYS_SEARCH_USER_PATHS = NO;
				CLANG_ANALYZER_NONNULL = YES;
				CLANG_ANALYZER_NUMBER_OBJECT_CONVERSION = YES_AGGRESSIVE;
				CLANG_CXX_LANGUAGE_STANDARD = "gnu++14";
				CLANG_CXX_LIBRARY = "libc++";
				CLANG_ENABLE_MODULES = YES;
				CLANG_ENABLE_OBJC_ARC = YES;
				CLANG_WARN_BLOCK_CAPTURE_AUTORELEASING = YES;
				CLANG_WARN_BOOL_CONVERSION = YES;
				CLANG_WARN_COMMA = YES;
				CLANG_WARN_CONSTANT_CONVERSION = YES;
				CLANG_WARN_DIRECT_OBJC_ISA_USAGE = YES_ERROR;
				CLANG_WARN_DOCUMENTATION_COMMENTS = YES;
				CLANG_WARN_EMPTY_BODY = YES;
				CLANG_WARN_ENUM_CONVERSION = YES;
				CLANG_WARN_INFINITE_RECURSION = YES;
				CLANG_WARN_INT_CONVERSION = YES;
				CLANG_WARN_NON_LITERAL_NULL_CONVERSION = YES;
				CLANG_WARN_OBJC_LITERAL_CONVERSION = YES;
				CLANG_WARN_OBJC_ROOT_CLASS = YES_ERROR;
				CLANG_WARN_RANGE_LOOP_ANALYSIS = YES;
				CLANG_WARN_STRICT_PROTOTYPES = YES;
				CLANG_WARN_SUSPICIOUS_MOVE = YES;
				CLANG_WARN_UNGUARDED_AVAILABILITY = YES_AGGRESSIVE;
				CLANG_WARN_UNREACHABLE_CODE = YES;
				CLANG_WARN__DUPLICATE_METHOD_MATCH = YES;
				CODE_SIGN_IDENTITY = "iPhone Developer";
				COPY_PHASE_STRIP = NO;
				DEBUG_INFORMATION_FORMAT = "dwarf-with-dsym";
				ENABLE_NS_ASSERTIONS = NO;
				ENABLE_STRICT_OBJC_MSGSEND = YES;
				GCC_C_LANGUAGE_STANDARD = gnu11;
				GCC_NO_COMMON_BLOCKS = YES;
				GCC_WARN_64_TO_32_BIT_CONVERSION = YES;
				GCC_WARN_ABOUT_RETURN_TYPE = YES_ERROR;
				GCC_WARN_UNDECLARED_SELECTOR = YES;
				GCC_WARN_UNINITIALIZED_AUTOS = YES_AGGRESSIVE;
				GCC_WARN_UNUSED_FUNCTION = YES;
				GCC_WARN_UNUSED_VARIABLE = YES;
				IPHONEOS_DEPLOYMENT_TARGET = 11.2;
				MTL_ENABLE_DEBUG_INFO = NO;
				SDKROOT = iphoneos;
				SWIFT_OPTIMIZATION_LEVEL = "-Owholemodule";
				VALIDATE_PRODUCT = YES;
			};
			name = Release;
		};
		9B219999204949EC00059056 /* Debug */ = {
			isa = XCBuildConfiguration;
			buildSettings = {
				ASSETCATALOG_COMPILER_APPICON_NAME = AppIcon;
				CODE_SIGN_STYLE = Automatic;
				INFOPLIST_FILE = day9/Info.plist;
				LD_RUNPATH_SEARCH_PATHS = "$(inherited) @executable_path/Frameworks";
				PRODUCT_BUNDLE_IDENTIFIER = CestarCollege.day9;
				PRODUCT_NAME = "$(TARGET_NAME)";
				SWIFT_VERSION = 4.0;
				TARGETED_DEVICE_FAMILY = "1,2";
			};
			name = Debug;
		};
		9B21999A204949EC00059056 /* Release */ = {
			isa = XCBuildConfiguration;
			buildSettings = {
				ASSETCATALOG_COMPILER_APPICON_NAME = AppIcon;
				CODE_SIGN_STYLE = Automatic;
				INFOPLIST_FILE = day9/Info.plist;
				LD_RUNPATH_SEARCH_PATHS = "$(inherited) @executable_path/Frameworks";
				PRODUCT_BUNDLE_IDENTIFIER = CestarCollege.day9;
				PRODUCT_NAME = "$(TARGET_NAME)";
				SWIFT_VERSION = 4.0;
				TARGETED_DEVICE_FAMILY = "1,2";
			};
			name = Release;
		};
		9B21999C204949EC00059056 /* Debug */ = {
			isa = XCBuildConfiguration;
			buildSettings = {
				ALWAYS_EMBED_SWIFT_STANDARD_LIBRARIES = YES;
				BUNDLE_LOADER = "$(TEST_HOST)";
				CODE_SIGN_STYLE = Automatic;
				INFOPLIST_FILE = day9Tests/Info.plist;
				LD_RUNPATH_SEARCH_PATHS = "$(inherited) @executable_path/Frameworks @loader_path/Frameworks";
				PRODUCT_BUNDLE_IDENTIFIER = CestarCollege.day9Tests;
				PRODUCT_NAME = "$(TARGET_NAME)";
				SWIFT_VERSION = 4.0;
				TARGETED_DEVICE_FAMILY = "1,2";
				TEST_HOST = "$(BUILT_PRODUCTS_DIR)/day9.app/day9";
			};
			name = Debug;
		};
		9B21999D204949EC00059056 /* Release */ = {
			isa = XCBuildConfiguration;
			buildSettings = {
				ALWAYS_EMBED_SWIFT_STANDARD_LIBRARIES = YES;
				BUNDLE_LOADER = "$(TEST_HOST)";
				CODE_SIGN_STYLE = Automatic;
				INFOPLIST_FILE = day9Tests/Info.plist;
				LD_RUNPATH_SEARCH_PATHS = "$(inherited) @executable_path/Frameworks @loader_path/Frameworks";
				PRODUCT_BUNDLE_IDENTIFIER = CestarCollege.day9Tests;
				PRODUCT_NAME = "$(TARGET_NAME)";
				SWIFT_VERSION = 4.0;
				TARGETED_DEVICE_FAMILY = "1,2";
				TEST_HOST = "$(BUILT_PRODUCTS_DIR)/day9.app/day9";
			};
			name = Release;
		};
		9B21999F204949EC00059056 /* Debug */ = {
			isa = XCBuildConfiguration;
			buildSettings = {
				ALWAYS_EMBED_SWIFT_STANDARD_LIBRARIES = YES;
				CODE_SIGN_STYLE = Automatic;
				INFOPLIST_FILE = day9UITests/Info.plist;
				LD_RUNPATH_SEARCH_PATHS = "$(inherited) @executable_path/Frameworks @loader_path/Frameworks";
				PRODUCT_BUNDLE_IDENTIFIER = CestarCollege.day9UITests;
				PRODUCT_NAME = "$(TARGET_NAME)";
				SWIFT_VERSION = 4.0;
				TARGETED_DEVICE_FAMILY = "1,2";
				TEST_TARGET_NAME = day9;
			};
			name = Debug;
		};
		9B2199A0204949EC00059056 /* Release */ = {
			isa = XCBuildConfiguration;
			buildSettings = {
				ALWAYS_EMBED_SWIFT_STANDARD_LIBRARIES = YES;
				CODE_SIGN_STYLE = Automatic;
				INFOPLIST_FILE = day9UITests/Info.plist;
				LD_RUNPATH_SEARCH_PATHS = "$(inherited) @executable_path/Frameworks @loader_path/Frameworks";
				PRODUCT_BUNDLE_IDENTIFIER = CestarCollege.day9UITests;
				PRODUCT_NAME = "$(TARGET_NAME)";
				SWIFT_VERSION = 4.0;
				TARGETED_DEVICE_FAMILY = "1,2";
				TEST_TARGET_NAME = day9;
			};
			name = Release;
		};
/* End XCBuildConfiguration section */

/* Begin XCConfigurationList section */
		9B21996B204949EB00059056 /* Build configuration list for PBXProject "day9" */ = {
			isa = XCConfigurationList;
			buildConfigurations = (
				9B219996204949EC00059056 /* Debug */,
				9B219997204949EC00059056 /* Release */,
			);
			defaultConfigurationIsVisible = 0;
			defaultConfigurationName = Release;
		};
		9B219998204949EC00059056 /* Build configuration list for PBXNativeTarget "day9" */ = {
			isa = XCConfigurationList;
			buildConfigurations = (
				9B219999204949EC00059056 /* Debug */,
				9B21999A204949EC00059056 /* Release */,
			);
			defaultConfigurationIsVisible = 0;
			defaultConfigurationName = Release;
		};
		9B21999B204949EC00059056 /* Build configuration list for PBXNativeTarget "day9Tests" */ = {
			isa = XCConfigurationList;
			buildConfigurations = (
				9B21999C204949EC00059056 /* Debug */,
				9B21999D204949EC00059056 /* Release */,
			);
			defaultConfigurationIsVisible = 0;
			defaultConfigurationName = Release;
		};
		9B21999E204949EC00059056 /* Build configuration list for PBXNativeTarget "day9UITests" */ = {
			isa = XCConfigurationList;
			buildConfigurations = (
				9B21999F204949EC00059056 /* Debug */,
				9B2199A0204949EC00059056 /* Release */,
			);
			defaultConfigurationIsVisible = 0;
			defaultConfigurationName = Release;
		};
/* End XCConfigurationList section */
	};
	rootObject = 9B219968204949EB00059056 /* Project object */;
}
